// !$*UTF8*$!
{
	archiveVersion = 1;
	classes = {
	};
	objectVersion = 50;
	objects = {

/* Begin PBXBuildFile section */
		83D585E2258224B700105713 /* AppDelegate.swift in Sources */ = {isa = PBXBuildFile; fileRef = 83D585E1258224B700105713 /* AppDelegate.swift */; };
		83D585E4258224B700105713 /* SceneDelegate.swift in Sources */ = {isa = PBXBuildFile; fileRef = 83D585E3258224B700105713 /* SceneDelegate.swift */; };
		83D585E6258224B700105713 /* ViewController.swift in Sources */ = {isa = PBXBuildFile; fileRef = 83D585E5258224B700105713 /* ViewController.swift */; };
		83D585E9258224B700105713 /* Main.storyboard in Resources */ = {isa = PBXBuildFile; fileRef = 83D585E7258224B700105713 /* Main.storyboard */; };
		83D585EB258224BE00105713 /* Assets.xcassets in Resources */ = {isa = PBXBuildFile; fileRef = 83D585EA258224BE00105713 /* Assets.xcassets */; };
		83D585EE258224BE00105713 /* LaunchScreen.storyboard in Resources */ = {isa = PBXBuildFile; fileRef = 83D585EC258224BE00105713 /* LaunchScreen.storyboard */; };
		83D585F82582252300105713 /* player.swift in Sources */ = {isa = PBXBuildFile; fileRef = 83D585F72582252300105713 /* player.swift */; };
		83D585FC2582261D00105713 /* fallMusic.mp3 in Resources */ = {isa = PBXBuildFile; fileRef = 83D585FB2582261D00105713 /* fallMusic.mp3 */; };
		83D586012582262A00105713 /* winterMusic.mp3 in Resources */ = {isa = PBXBuildFile; fileRef = 83D585FE2582262900105713 /* winterMusic.mp3 */; };
		83D586022582262A00105713 /* summerMusic.mp3 in Resources */ = {isa = PBXBuildFile; fileRef = 83D585FF2582262A00105713 /* summerMusic.mp3 */; };
		83D586032582262A00105713 /* springMusic.mp3 in Resources */ = {isa = PBXBuildFile; fileRef = 83D586002582262A00105713 /* springMusic.mp3 */; };
/* End PBXBuildFile section */

/* Begin PBXFileReference section */
		83D585DE258224B700105713 /* seasons.app */ = {isa = PBXFileReference; explicitFileType = wrapper.application; includeInIndex = 0; path = seasons.app; sourceTree = BUILT_PRODUCTS_DIR; };
		83D585E1258224B700105713 /* AppDelegate.swift */ = {isa = PBXFileReference; lastKnownFileType = sourcecode.swift; path = AppDelegate.swift; sourceTree = "<group>"; };
		83D585E3258224B700105713 /* SceneDelegate.swift */ = {isa = PBXFileReference; lastKnownFileType = sourcecode.swift; path = SceneDelegate.swift; sourceTree = "<group>"; };
		83D585E5258224B700105713 /* ViewController.swift */ = {isa = PBXFileReference; lastKnownFileType = sourcecode.swift; path = ViewController.swift; sourceTree = "<group>"; };
		83D585E8258224B700105713 /* Base */ = {isa = PBXFileReference; lastKnownFileType = file.storyboard; name = Base; path = Base.lproj/Main.storyboard; sourceTree = "<group>"; };
		83D585EA258224BE00105713 /* Assets.xcassets */ = {isa = PBXFileReference; lastKnownFileType = folder.assetcatalog; path = Assets.xcassets; sourceTree = "<group>"; };
		83D585ED258224BE00105713 /* Base */ = {isa = PBXFileReference; lastKnownFileType = file.storyboard; name = Base; path = Base.lproj/LaunchScreen.storyboard; sourceTree = "<group>"; };
		83D585EF258224BE00105713 /* Info.plist */ = {isa = PBXFileReference; lastKnownFileType = text.plist.xml; path = Info.plist; sourceTree = "<group>"; };
		83D585F72582252300105713 /* player.swift */ = {isa = PBXFileReference; lastKnownFileType = sourcecode.swift; path = player.swift; sourceTree = "<group>"; };
		83D585FB2582261D00105713 /* fallMusic.mp3 */ = {isa = PBXFileReference; lastKnownFileType = audio.mp3; name = fallMusic.mp3; path = "../../yamanote拷貝.playground/Resources/fallMusic.mp3"; sourceTree = "<group>"; };
		83D585FE2582262900105713 /* winterMusic.mp3 */ = {isa = PBXFileReference; lastKnownFileType = audio.mp3; name = winterMusic.mp3; path = "../../yamanote拷貝.playground/Resources/winterMusic.mp3"; sourceTree = "<group>"; };
		83D585FF2582262A00105713 /* summerMusic.mp3 */ = {isa = PBXFileReference; lastKnownFileType = audio.mp3; name = summerMusic.mp3; path = "../../yamanote拷貝.playground/Resources/summerMusic.mp3"; sourceTree = "<group>"; };
		83D586002582262A00105713 /* springMusic.mp3 */ = {isa = PBXFileReference; lastKnownFileType = audio.mp3; name = springMusic.mp3; path = "../../yamanote拷貝.playground/Resources/springMusic.mp3"; sourceTree = "<group>"; };
/* End PBXFileReference section */

/* Begin PBXFrameworksBuildPhase section */
		83D585DB258224B700105713 /* Frameworks */ = {
			isa = PBXFrameworksBuildPhase;
			buildActionMask = 2147483647;
			files = (
			);
			runOnlyForDeploymentPostprocessing = 0;
		};
/* End PBXFrameworksBuildPhase section */

/* Begin PBXGroup section */
		83D585D5258224B700105713 = {
			isa = PBXGroup;
			children = (
				83D585E0258224B700105713 /* seasons */,
				83D585DF258224B700105713 /* Products */,
			);
			sourceTree = "<group>";
		};
		83D585DF258224B700105713 /* Products */ = {
			isa = PBXGroup;
			children = (
				83D585DE258224B700105713 /* seasons.app */,
			);
			name = Products;
			sourceTree = "<group>";
		};
		83D585E0258224B700105713 /* seasons */ = {
			isa = PBXGroup;
			children = (
				83D585E1258224B700105713 /* AppDelegate.swift */,
				83D585E3258224B700105713 /* SceneDelegate.swift */,
				83D585E5258224B700105713 /* ViewController.swift */,
				83D585E7258224B700105713 /* Main.storyboard */,
				83D585EA258224BE00105713 /* Assets.xcassets */,
				83D585EC258224BE00105713 /* LaunchScreen.storyboard */,
				83D585EF258224BE00105713 /* Info.plist */,
				83D585F72582252300105713 /* player.swift */,
				83D586002582262A00105713 /* springMusic.mp3 */,
				83D585FF2582262A00105713 /* summerMusic.mp3 */,
				83D585FB2582261D00105713 /* fallMusic.mp3 */,
				83D585FE2582262900105713 /* winterMusic.mp3 */,
			);
			path = seasons;
			sourceTree = "<group>";
		};
/* End PBXGroup section */

/* Begin PBXNativeTarget section */
		83D585DD258224B700105713 /* seasons */ = {
			isa = PBXNativeTarget;
			buildConfigurationList = 83D585F2258224BE00105713 /* Build configuration list for PBXNativeTarget "seasons" */;
			buildPhases = (
				83D585DA258224B700105713 /* Sources */,
				83D585DB258224B700105713 /* Frameworks */,
				83D585DC258224B700105713 /* Resources */,
			);
			buildRules = (
			);
			dependencies = (
			);
			name = seasons;
			productName = seasons;
			productReference = 83D585DE258224B700105713 /* seasons.app */;
			productType = "com.apple.product-type.application";
		};
/* End PBXNativeTarget section */

/* Begin PBXProject section */
		83D585D6258224B700105713 /* Project object */ = {
			isa = PBXProject;
			attributes = {
				LastSwiftUpdateCheck = 1220;
				LastUpgradeCheck = 1220;
				TargetAttributes = {
					83D585DD258224B700105713 = {
						CreatedOnToolsVersion = 12.2;
					};
				};
			};
			buildConfigurationList = 83D585D9258224B700105713 /* Build configuration list for PBXProject "seasons" */;
			compatibilityVersion = "Xcode 9.3";
			developmentRegion = en;
			hasScannedForEncodings = 0;
			knownRegions = (
				en,
				Base,
			);
			mainGroup = 83D585D5258224B700105713;
			productRefGroup = 83D585DF258224B700105713 /* Products */;
			projectDirPath = "";
			projectRoot = "";
			targets = (
				83D585DD258224B700105713 /* seasons */,
			);
		};
/* End PBXProject section */

/* Begin PBXResourcesBuildPhase section */
		83D585DC258224B700105713 /* Resources */ = {
			isa = PBXResourcesBuildPhase;
			buildActionMask = 2147483647;
			files = (
				83D585EE258224BE00105713 /* LaunchScreen.storyboard in Resources */,
				83D585EB258224BE00105713 /* Assets.xcassets in Resources */,
				83D585E9258224B700105713 /* Main.storyboard in Resources */,
				83D585FC2582261D00105713 /* fallMusic.mp3 in Resources */,
				83D586032582262A00105713 /* springMusic.mp3 in Resources */,
				83D586012582262A00105713 /* winterMusic.mp3 in Resources */,
				83D586022582262A00105713 /* summerMusic.mp3 in Resources */,
			);
			runOnlyForDeploymentPostprocessing = 0;
		};
/* End PBXResourcesBuildPhase section */

/* Begin PBXSourcesBuildPhase section */
		83D585DA258224B700105713 /* Sources */ = {
			isa = PBXSourcesBuildPhase;
			buildActionMask = 2147483647;
			files = (
				83D585F82582252300105713 /* player.swift in Sources */,
				83D585E6258224B700105713 /* ViewController.swift in Sources */,
				83D585E2258224B700105713 /* AppDelegate.swift in Sources */,
				83D585E4258224B700105713 /* SceneDelegate.swift in Sources */,
			);
			runOnlyForDeploymentPostprocessing = 0;
		};
/* End PBXSourcesBuildPhase section */

/* Begin PBXVariantGroup section */
		83D585E7258224B700105713 /* Main.storyboard */ = {
			isa = PBXVariantGroup;
			children = (
				83D585E8258224B700105713 /* Base */,
			);
			name = Main.storyboard;
			sourceTree = "<group>";
		};
		83D585EC258224BE00105713 /* LaunchScreen.storyboard */ = {
			isa = PBXVariantGroup;
			children = (
				83D585ED258224BE00105713 /* Base */,
			);
			name = LaunchScreen.storyboard;
			sourceTree = "<group>";
		};
/* End PBXVariantGroup section */

/* Begin XCBuildConfiguration section */
		83D585F0258224BE00105713 /* Debug */ = {
			isa = XCBuildConfiguration;
			buildSettings = {
				ALWAYS_SEARCH_USER_PATHS = NO;
				CLANG_ANALYZER_NONNULL = YES;
				CLANG_ANALYZER_NUMBER_OBJECT_CONVERSION = YES_AGGRESSIVE;
				CLANG_CXX_LANGUAGE_STANDARD = "gnu++14";
				CLANG_CXX_LIBRARY = "libc++";
				CLANG_ENABLE_MODULES = YES;
				CLANG_ENABLE_OBJC_ARC = YES;
				CLANG_ENABLE_OBJC_WEAK = YES;
				CLANG_WARN_BLOCK_CAPTURE_AUTORELEASING = YES;
				CLANG_WARN_BOOL_CONVERSION = YES;
				CLANG_WARN_COMMA = YES;
				CLANG_WARN_CONSTANT_CONVERSION = YES;
				CLANG_WARN_DEPRECATED_OBJC_IMPLEMENTATIONS = YES;
				CLANG_WARN_DIRECT_OBJC_ISA_USAGE = YES_ERROR;
				CLANG_WARN_DOCUMENTATION_COMMENTS = YES;
				CLANG_WARN_EMPTY_BODY = YES;
				CLANG_WARN_ENUM_CONVERSION = YES;
				CLANG_WARN_INFINITE_RECURSION = YES;
				CLANG_WARN_INT_CONVERSION = YES;
				CLANG_WARN_NON_LITERAL_NULL_CONVERSION = YES;
				CLANG_WARN_OBJC_IMPLICIT_RETAIN_SELF = YES;
				CLANG_WARN_OBJC_LITERAL_CONVERSION = YES;
				CLANG_WARN_OBJC_ROOT_CLASS = YES_ERROR;
				CLANG_WARN_QUOTED_INCLUDE_IN_FRAMEWORK_HEADER = YES;
				CLANG_WARN_RANGE_LOOP_ANALYSIS = YES;
				CLANG_WARN_STRICT_PROTOTYPES = YES;
				CLANG_WARN_SUSPICIOUS_MOVE = YES;
				CLANG_WARN_UNGUARDED_AVAILABILITY = YES_AGGRESSIVE;
				CLANG_WARN_UNREACHABLE_CODE = YES;
				CLANG_WARN__DUPLICATE_METHOD_MATCH = YES;
				COPY_PHASE_STRIP = NO;
				DEBUG_INFORMATION_FORMAT = dwarf;
				ENABLE_STRICT_OBJC_MSGSEND = YES;
				ENABLE_TESTABILITY = YES;
				GCC_C_LANGUAGE_STANDARD = gnu11;
				GCC_DYNAMIC_NO_PIC = NO;
				GCC_NO_COMMON_BLOCKS = YES;
				GCC_OPTIMIZATION_LEVEL = 0;
				GCC_PREPROCESSOR_DEFINITIONS = (
					"DEBUG=1",
					"$(inherited)",
				);
				GCC_WARN_64_TO_32_BIT_CONVERSION = YES;
				GCC_WARN_ABOUT_RETURN_TYPE = YES_ERROR;
				GCC_WARN_UNDECLARED_SELECTOR = YES;
				GCC_WARN_UNINITIALIZED_AUTOS = YES_AGGRESSIVE;
				GCC_WARN_UNUSED_FUNCTION = YES;
				GCC_WARN_UNUSED_VARIABLE = YES;
				IPHONEOS_DEPLOYMENT_TARGET = 14.2;
				MTL_ENABLE_DEBUG_INFO = INCLUDE_SOURCE;
				MTL_FAST_MATH = YES;
				ONLY_ACTIVE_ARCH = YES;
				SDKROOT = iphoneos;
				SWIFT_ACTIVE_COMPILATION_CONDITIONS = DEBUG;
				SWIFT_OPTIMIZATION_LEVEL = "-Onone";
			};
			name = Debug;
		};
		83D585F1258224BE00105713 /* Release */ = {
			isa = XCBuildConfiguration;
			buildSettings = {
				ALWAYS_SEARCH_USER_PATHS = NO;
				CLANG_ANALYZER_NONNULL = YES;
				CLANG_ANALYZER_NUMBER_OBJECT_CONVERSION = YES_AGGRESSIVE;
				CLANG_CXX_LANGUAGE_STANDARD = "gnu++14";
				CLANG_CXX_LIBRARY = "libc++";
				CLANG_ENABLE_MODULES = YES;
				CLANG_ENABLE_OBJC_ARC = YES;
				CLANG_ENABLE_OBJC_WEAK = YES;
				CLANG_WARN_BLOCK_CAPTURE_AUTORELEASING = YES;
				CLANG_WARN_BOOL_CONVERSION = YES;
				CLANG_WARN_COMMA = YES;
				CLANG_WARN_CONSTANT_CONVERSION = YES;
				CLANG_WARN_DEPRECATED_OBJC_IMPLEMENTATIONS = YES;
				CLANG_WARN_DIRECT_OBJC_ISA_USAGE = YES_ERROR;
				CLANG_WARN_DOCUMENTATION_COMMENTS = YES;
				CLANG_WARN_EMPTY_BODY = YES;
				CLANG_WARN_ENUM_CONVERSION = YES;
				CLANG_WARN_INFINITE_RECURSION = YES;
				CLANG_WARN_INT_CONVERSION = YES;
				CLANG_WARN_NON_LITERAL_NULL_CONVERSION = YES;
				CLANG_WARN_OBJC_IMPLICIT_RETAIN_SELF = YES;
				CLANG_WARN_OBJC_LITERAL_CONVERSION = YES;
				CLANG_WARN_OBJC_ROOT_CLASS = YES_ERROR;
				CLANG_WARN_QUOTED_INCLUDE_IN_FRAMEWORK_HEADER = YES;
				CLANG_WARN_RANGE_LOOP_ANALYSIS = YES;
				CLANG_WARN_STRICT_PROTOTYPES = YES;
				CLANG_WARN_SUSPICIOUS_MOVE = YES;
				CLANG_WARN_UNGUARDED_AVAILABILITY = YES_AGGRESSIVE;
				CLANG_WARN_UNREACHABLE_CODE = YES;
				CLANG_WARN__DUPLICATE_METHOD_MATCH = YES;
				COPY_PHASE_STRIP = NO;
				DEBUG_INFORMATION_FORMAT = "dwarf-with-dsym";
				ENABLE_NS_ASSERTIONS = NO;
				ENABLE_STRICT_OBJC_MSGSEND = YES;
				GCC_C_LANGUAGE_STANDARD = gnu11;
				GCC_NO_COMMON_BLOCKS = YES;
				GCC_WARN_64_TO_32_BIT_CONVERSION = YES;
				GCC_WARN_ABOUT_RETURN_TYPE = YES_ERROR;
				GCC_WARN_UNDECLARED_SELECTOR = YES;
				GCC_WARN_UNINITIALIZED_AUTOS = YES_AGGRESSIVE;
				GCC_WARN_UNUSED_FUNCTION = YES;
				GCC_WARN_UNUSED_VARIABLE = YES;
				IPHONEOS_DEPLOYMENT_TARGET = 14.2;
				MTL_ENABLE_DEBUG_INFO = NO;
				MTL_FAST_MATH = YES;
				SDKROOT = iphoneos;
				SWIFT_COMPILATION_MODE = wholemodule;
				SWIFT_OPTIMIZATION_LEVEL = "-O";
				VALIDATE_PRODUCT = YES;
			};
			name = Release;
		};
		83D585F3258224BE00105713 /* Debug */ = {
			isa = XCBuildConfiguration;
			buildSettings = {
				ASSETCATALOG_COMPILER_APPICON_NAME = AppIcon;
				ASSETCATALOG_COMPILER_GLOBAL_ACCENT_COLOR_NAME = AccentColor;
				CODE_SIGN_STYLE = Automatic;
				DEVELOPMENT_TEAM = C4N9Z9736D;
				INFOPLIST_FILE = seasons/Info.plist;
				LD_RUNPATH_SEARCH_PATHS = (
					"$(inherited)",
					"@executable_path/Frameworks",
				);
				PRODUCT_BUNDLE_IDENTIFIER = chi.seasons;
				PRODUCT_NAME = "$(TARGET_NAME)";
				SWIFT_VERSION = 5.0;
				TARGETED_DEVICE_FAMILY = "1,2";
			};
			name = Debug;
		};
		83D585F4258224BE00105713 /* Release */ = {
			isa = XCBuildConfiguration;
			buildSettings = {
				ASSETCATALOG_COMPILER_APPICON_NAME = AppIcon;
				ASSETCATALOG_COMPILER_GLOBAL_ACCENT_COLOR_NAME = AccentColor;
				CODE_SIGN_STYLE = Automatic;
				DEVELOPMENT_TEAM = C4N9Z9736D;
				INFOPLIST_FILE = seasons/Info.plist;
				LD_RUNPATH_SEARCH_PATHS = (
					"$(inherited)",
					"@executable_path/Frameworks",
				);
				PRODUCT_BUNDLE_IDENTIFIER = chi.seasons;
				PRODUCT_NAME = "$(TARGET_NAME)";
				SWIFT_VERSION = 5.0;
				TARGETED_DEVICE_FAMILY = "1,2";
			};
			name = Release;
		};
/* End XCBuildConfiguration section */

/* Begin XCConfigurationList section */
		83D585D9258224B700105713 /* Build configuration list for PBXProject "seasons" */ = {
			isa = XCConfigurationList;
			buildConfigurations = (
				83D585F0258224BE00105713 /* Debug */,
				83D585F1258224BE00105713 /* Release */,
			);
			defaultConfigurationIsVisible = 0;
			defaultConfigurationName = Release;
		};
		83D585F2258224BE00105713 /* Build configuration list for PBXNativeTarget "seasons" */ = {
			isa = XCConfigurationList;
			buildConfigurations = (
				83D585F3258224BE00105713 /* Debug */,
				83D585F4258224BE00105713 /* Release */,
			);
			defaultConfigurationIsVisible = 0;
			defaultConfigurationName = Release;
		};
/* End XCConfigurationList section */
	};
	rootObject = 83D585D6258224B700105713 /* Project object */;
}
